
Microsoft Visual Studio Solution File, Format Version 12.00
# Visual Studio Version 17
VisualStudioVersion = 17.0.31903.59
MinimumVisualStudioVersion = 10.0.40219.1
Project("{2150E333-8FDC-42A3-9474-1A3956D46DE8}") = "src", "src", "{B8CB73F3-C9AE-4762-82A6-A981214410CE}"
EndProject
Project("{FAE04EC0-301F-11D3-BF4B-00C04F79EFBC}") = "BatteryTabVision.Core", "src\BatteryTabVision.Core\BatteryTabVision.Core.csproj", "{24FB638E-FBFD-4C0E-BA57-221218823C31}"
EndProject
Project("{FAE04EC0-301F-11D3-BF4B-00C04F79EFBC}") = "BatteryTabVision.Engines.OpenCv", "src\BatteryTabVision.Engines.OpenCv\BatteryTabVision.Engines.OpenCv.csproj", "{9D9A4AF0-D2A5-45C9-89F1-446F74AE4D00}"
EndProject
Project("{FAE04EC0-301F-11D3-BF4B-00C04F79EFBC}") = "BatteryTabVision.Engines.Halcon", "src\BatteryTabVision.Engines.Halcon\BatteryTabVision.Engines.Halcon.csproj", "{DFA6E982-1453-4CE8-97D7-7B8B07DF9DB3}"
EndProject
Project("{FAE04EC0-301F-11D3-BF4B-00C04F79EFBC}") = "BatteryTabVision.Engines.VisionMaster", "src\BatteryTabVision.Engines.VisionMaster\BatteryTabVision.Engines.VisionMaster.csproj", "{1D4892E2-2B21-418A-9A04-1D226AFB7D65}"
EndProject
Project("{FAE04EC0-301F-11D3-BF4B-00C04F79EFBC}") = "BatteryTabVision.Persistence", "src\BatteryTabVision.Persistence\BatteryTabVision.Persistence.csproj", "{A244A8BA-D92F-4A82-AAE9-AC37B94E4915}"
EndProject
Project("{FAE04EC0-301F-11D3-BF4B-00C04F79EFBC}") = "BatteryTabVision.App", "src\BatteryTabVision.App\BatteryTabVision.App.csproj", "{C1F2A3B4-D5E6-7890-ABCD-EF1234567890}"
EndProject
Project("{2150E333-8FDC-42A3-9474-1A3956D46DE8}") = "tests", "tests", "{4E6D3347-26E6-4BDC-9818-B25F6A8DA975}"
EndProject
Project("{FAE04EC0-301F-11D3-BF4B-00C04F79EFBC}") = "BatteryTabVision.Core.Tests", "tests\BatteryTabVision.Core.Tests\BatteryTabVision.Core.Tests.csproj", "{310C748A-58A6-4255-9DEA-634FE8B3D735}"
EndProject
Project("{FAE04EC0-301F-11D3-BF4B-00C04F79EFBC}") = "BatteryTabVision.Engines.OpenCv.Tests", "tests\BatteryTabVision.Engines.OpenCv.Tests\BatteryTabVision.Engines.OpenCv.Tests.csproj", "{F32AE3E4-FA4F-42C1-BC49-3F9127F948BB}"
EndProject
Project("{FAE04EC0-301F-11D3-BF4B-00C04F79EFBC}") = "BatteryTabVision.App.Tests", "tests\BatteryTabVision.App.Tests\BatteryTabVision.App.Tests.csproj", "{A1B2C3D4-E5F6-7890-ABCD-EF1234567891}"
EndProject
Project("{FAE04EC0-301F-11D3-BF4B-00C04F79EFBC}") = "BatteryTabVision.Persistence.Tests", "tests\BatteryTabVision.Persistence.Tests\BatteryTabVision.Persistence.Tests.csproj", "{7DC89208-FEC6-4627-98BB-9533679ACC49}"
EndProject
Project("{FAE04EC0-301F-11D3-BF4B-00C04F79EFBC}") = "BatteryTabVision.Engines.Halcon.Tests", "tests\BatteryTabVision.Engines.Halcon.Tests\BatteryTabVision.Engines.Halcon.Tests.csproj", "{E18405BC-6BC3-4F6F-8725-9CF39B8A170A}"
EndProject
Global
	GlobalSection(SolutionConfigurationPlatforms) = preSolution
		Debug|Any CPU = Debug|Any CPU
		Debug|x64 = Debug|x64
		Debug|x86 = Debug|x86
		Release|Any CPU = Release|Any CPU
		Release|x64 = Release|x64
		Release|x86 = Release|x86
	EndGlobalSection
	GlobalSection(ProjectConfigurationPlatforms) = postSolution
		{24FB638E-FBFD-4C0E-BA57-221218823C31}.Debug|Any CPU.ActiveCfg = Debug|Any CPU
		{24FB638E-FBFD-4C0E-BA57-221218823C31}.Debug|Any CPU.Build.0 = Debug|Any CPU
		{24FB638E-FBFD-4C0E-BA57-221218823C31}.Debug|x64.ActiveCfg = Debug|Any CPU
		{24FB638E-FBFD-4C0E-BA57-221218823C31}.Debug|x64.Build.0 = Debug|Any CPU
		{24FB638E-FBFD-4C0E-BA57-221218823C31}.Debug|x86.ActiveCfg = Debug|Any CPU
		{24FB638E-FBFD-4C0E-BA57-221218823C31}.Debug|x86.Build.0 = Debug|Any CPU
		{24FB638E-FBFD-4C0E-BA57-221218823C31}.Release|Any CPU.ActiveCfg = Release|Any CPU
		{24FB638E-FBFD-4C0E-BA57-221218823C31}.Release|Any CPU.Build.0 = Release|Any CPU
		{24FB638E-FBFD-4C0E-BA57-221218823C31}.Release|x64.ActiveCfg = Release|Any CPU
		{24FB638E-FBFD-4C0E-BA57-221218823C31}.Release|x64.Build.0 = Release|Any CPU
		{24FB638E-FBFD-4C0E-BA57-221218823C31}.Release|x86.ActiveCfg = Release|Any CPU
		{24FB638E-FBFD-4C0E-BA57-221218823C31}.Release|x86.Build.0 = Release|Any CPU
		{9D9A4AF0-D2A5-45C9-89F1-446F74AE4D00}.Debug|Any CPU.ActiveCfg = Debug|Any CPU
		{9D9A4AF0-D2A5-45C9-89F1-446F74AE4D00}.Debug|Any CPU.Build.0 = Debug|Any CPU
		{9D9A4AF0-D2A5-45C9-89F1-446F74AE4D00}.Debug|x64.ActiveCfg = Debug|Any CPU
		{9D9A4AF0-D2A5-45C9-89F1-446F74AE4D00}.Debug|x64.Build.0 = Debug|Any CPU
		{9D9A4AF0-D2A5-45C9-89F1-446F74AE4D00}.Debug|x86.ActiveCfg = Debug|Any CPU
		{9D9A4AF0-D2A5-45C9-89F1-446F74AE4D00}.Debug|x86.Build.0 = Debug|Any CPU
		{9D9A4AF0-D2A5-45C9-89F1-446F74AE4D00}.Release|Any CPU.ActiveCfg = Release|Any CPU
		{9D9A4AF0-D2A5-45C9-89F1-446F74AE4D00}.Release|Any CPU.Build.0 = Release|Any CPU
		{9D9A4AF0-D2A5-45C9-89F1-446F74AE4D00}.Release|x64.ActiveCfg = Release|Any CPU
		{9D9A4AF0-D2A5-45C9-89F1-446F74AE4D00}.Release|x64.Build.0 = Release|Any CPU
		{9D9A4AF0-D2A5-45C9-89F1-446F74AE4D00}.Release|x86.ActiveCfg = Release|Any CPU
		{9D9A4AF0-D2A5-45C9-89F1-446F74AE4D00}.Release|x86.Build.0 = Release|Any CPU
		{DFA6E982-1453-4CE8-97D7-7B8B07DF9DB3}.Debug|Any CPU.ActiveCfg = Debug|Any CPU
		{DFA6E982-1453-4CE8-97D7-7B8B07DF9DB3}.Debug|Any CPU.Build.0 = Debug|Any CPU
		{DFA6E982-1453-4CE8-97D7-7B8B07DF9DB3}.Debug|x64.ActiveCfg = Debug|Any CPU
		{DFA6E982-1453-4CE8-97D7-7B8B07DF9DB3}.Debug|x64.Build.0 = Debug|Any CPU
		{DFA6E982-1453-4CE8-97D7-7B8B07DF9DB3}.Debug|x86.ActiveCfg = Debug|Any CPU
		{DFA6E982-1453-4CE8-97D7-7B8B07DF9DB3}.Debug|x86.Build.0 = Debug|Any CPU
		{DFA6E982-1453-4CE8-97D7-7B8B07DF9DB3}.Release|Any CPU.ActiveCfg = Release|Any CPU
		{DFA6E982-1453-4CE8-97D7-7B8B07DF9DB3}.Release|Any CPU.Build.0 = Release|Any CPU
		{DFA6E982-1453-4CE8-97D7-7B8B07DF9DB3}.Release|x64.ActiveCfg = Release|Any CPU
		{DFA6E982-1453-4CE8-97D7-7B8B07DF9DB3}.Release|x64.Build.0 = Release|Any CPU
		{DFA6E982-1453-4CE8-97D7-7B8B07DF9DB3}.Release|x86.ActiveCfg = Release|Any CPU
		{DFA6E982-1453-4CE8-97D7-7B8B07DF9DB3}.Release|x86.Build.0 = Release|Any CPU
		{1D4892E2-2B21-418A-9A04-1D226AFB7D65}.Debug|Any CPU.ActiveCfg = Debug|Any CPU
		{1D4892E2-2B21-418A-9A04-1D226AFB7D65}.Debug|Any CPU.Build.0 = Debug|Any CPU
		{1D4892E2-2B21-418A-9A04-1D226AFB7D65}.Debug|x64.ActiveCfg = Debug|Any CPU
		{1D4892E2-2B21-418A-9A04-1D226AFB7D65}.Debug|x64.Build.0 = Debug|Any CPU
		{1D4892E2-2B21-418A-9A04-1D226AFB7D65}.Debug|x86.ActiveCfg = Debug|Any CPU
		{1D4892E2-2B21-418A-9A04-1D226AFB7D65}.Debug|x86.Build.0 = Debug|Any CPU
		{1D4892E2-2B21-418A-9A04-1D226AFB7D65}.Release|Any CPU.ActiveCfg = Release|Any CPU
		{1D4892E2-2B21-418A-9A04-1D226AFB7D65}.Release|Any CPU.Build.0 = Release|Any CPU
		{1D4892E2-2B21-418A-9A04-1D226AFB7D65}.Release|x64.ActiveCfg = Release|Any CPU
		{1D4892E2-2B21-418A-9A04-1D226AFB7D65}.Release|x64.Build.0 = Release|Any CPU
		{1D4892E2-2B21-418A-9A04-1D226AFB7D65}.Release|x86.ActiveCfg = Release|Any CPU
		{1D4892E2-2B21-418A-9A04-1D226AFB7D65}.Release|x86.Build.0 = Release|Any CPU
		{A244A8BA-D92F-4A82-AAE9-AC37B94E4915}.Debug|Any CPU.ActiveCfg = Debug|Any CPU
		{A244A8BA-D92F-4A82-AAE9-AC37B94E4915}.Debug|Any CPU.Build.0 = Debug|Any CPU
		{A244A8BA-D92F-4A82-AAE9-AC37B94E4915}.Debug|x64.ActiveCfg = Debug|Any CPU
		{A244A8BA-D92F-4A82-AAE9-AC37B94E4915}.Debug|x64.Build.0 = Debug|Any CPU
		{A244A8BA-D92F-4A82-AAE9-AC37B94E4915}.Debug|x86.ActiveCfg = Debug|Any CPU
		{A244A8BA-D92F-4A82-AAE9-AC37B94E4915}.Debug|x86.Build.0 = Debug|Any CPU
		{A244A8BA-D92F-4A82-AAE9-AC37B94E4915}.Release|Any CPU.ActiveCfg = Release|Any CPU
		{A244A8BA-D92F-4A82-AAE9-AC37B94E4915}.Release|Any CPU.Build.0 = Release|Any CPU
		{A244A8BA-D92F-4A82-AAE9-AC37B94E4915}.Release|x64.ActiveCfg = Release|Any CPU
		{A244A8BA-D92F-4A82-AAE9-AC37B94E4915}.Release|x64.Build.0 = Release|Any CPU
		{A244A8BA-D92F-4A82-AAE9-AC37B94E4915}.Release|x86.ActiveCfg = Release|Any CPU
		{A244A8BA-D92F-4A82-AAE9-AC37B94E4915}.Release|x86.Build.0 = Release|Any CPU
		{C1F2A3B4-D5E6-7890-ABCD-EF1234567890}.Debug|Any CPU.ActiveCfg = Debug|Any CPU
		{C1F2A3B4-D5E6-7890-ABCD-EF1234567890}.Debug|Any CPU.Build.0 = Debug|Any CPU
		{C1F2A3B4-D5E6-7890-ABCD-EF1234567890}.Debug|x64.ActiveCfg = Debug|Any CPU
		{C1F2A3B4-D5E6-7890-ABCD-EF1234567890}.Debug|x64.Build.0 = Debug|Any CPU
		{C1F2A3B4-D5E6-7890-ABCD-EF1234567890}.Debug|x86.ActiveCfg = Debug|Any CPU
		{C1F2A3B4-D5E6-7890-ABCD-EF1234567890}.Debug|x86.Build.0 = Debug|Any CPU
		{C1F2A3B4-D5E6-7890-ABCD-EF1234567890}.Release|Any CPU.ActiveCfg = Release|Any CPU
		{C1F2A3B4-D5E6-7890-ABCD-EF1234567890}.Release|Any CPU.Build.0 = Release|Any CPU
		{C1F2A3B4-D5E6-7890-ABCD-EF1234567890}.Release|x64.ActiveCfg = Release|Any CPU
		{C1F2A3B4-D5E6-7890-ABCD-EF1234567890}.Release|x64.Build.0 = Release|Any CPU
		{C1F2A3B4-D5E6-7890-ABCD-EF1234567890}.Release|x86.ActiveCfg = Release|Any CPU
		{C1F2A3B4-D5E6-7890-ABCD-EF1234567890}.Release|x86.Build.0 = Release|Any CPU
		{310C748A-58A6-4255-9DEA-634FE8B3D735}.Debug|Any CPU.ActiveCfg = Debug|Any CPU
		{310C748A-58A6-4255-9DEA-634FE8B3D735}.Debug|Any CPU.Build.0 = Debug|Any CPU
		{310C748A-58A6-4255-9DEA-634FE8B3D735}.Debug|x64.ActiveCfg = Debug|Any CPU
		{310C748A-58A6-4255-9DEA-634FE8B3D735}.Debug|x64.Build.0 = Debug|Any CPU
		{310C748A-58A6-4255-9DEA-634FE8B3D735}.Debug|x86.ActiveCfg = Debug|Any CPU
		{310C748A-58A6-4255-9DEA-634FE8B3D735}.Debug|x86.Build.0 = Debug|Any CPU
		{310C748A-58A6-4255-9DEA-634FE8B3D735}.Release|Any CPU.ActiveCfg = Release|Any CPU
		{310C748A-58A6-4255-9DEA-634FE8B3D735}.Release|Any CPU.Build.0 = Release|Any CPU
		{310C748A-58A6-4255-9DEA-634FE8B3D735}.Release|x64.ActiveCfg = Release|Any CPU
		{310C748A-58A6-4255-9DEA-634FE8B3D735}.Release|x64.Build.0 = Release|Any CPU
		{310C748A-58A6-4255-9DEA-634FE8B3D735}.Release|x86.ActiveCfg = Release|Any CPU
		{310C748A-58A6-4255-9DEA-634FE8B3D735}.Release|x86.Build.0 = Release|Any CPU
		{F32AE3E4-FA4F-42C1-BC49-3F9127F948BB}.Debug|Any CPU.ActiveCfg = Debug|Any CPU
		{F32AE3E4-FA4F-42C1-BC49-3F9127F948BB}.Debug|Any CPU.Build.0 = Debug|Any CPU
		{F32AE3E4-FA4F-42C1-BC49-3F9127F948BB}.Debug|x64.ActiveCfg = Debug|Any CPU
		{F32AE3E4-FA4F-42C1-BC49-3F9127F948BB}.Debug|x64.Build.0 = Debug|Any CPU
		{F32AE3E4-FA4F-42C1-BC49-3F9127F948BB}.Debug|x86.ActiveCfg = Debug|Any CPU
		{F32AE3E4-FA4F-42C1-BC49-3F9127F948BB}.Debug|x86.Build.0 = Debug|Any CPU
		{F32AE3E4-FA4F-42C1-BC49-3F9127F948BB}.Release|Any CPU.ActiveCfg = Release|Any CPU
		{F32AE3E4-FA4F-42C1-BC49-3F9127F948BB}.Release|Any CPU.Build.0 = Release|Any CPU
		{F32AE3E4-FA4F-42C1-BC49-3F9127F948BB}.Release|x64.ActiveCfg = Release|Any CPU
		{F32AE3E4-FA4F-42C1-BC49-3F9127F948BB}.Release|x64.Build.0 = Release|Any CPU
		{F32AE3E4-FA4F-42C1-BC49-3F9127F948BB}.Release|x86.ActiveCfg = Release|Any CPU
		{F32AE3E4-FA4F-42C1-BC49-3F9127F948BB}.Release|x86.Build.0 = Release|Any CPU
		{A1B2C3D4-E5F6-7890-ABCD-EF1234567891}.Debug|Any CPU.ActiveCfg = Debug|Any CPU
		{A1B2C3D4-E5F6-7890-ABCD-EF1234567891}.Debug|Any CPU.Build.0 = Debug|Any CPU
		{A1B2C3D4-E5F6-7890-ABCD-EF1234567891}.Debug|x64.ActiveCfg = Debug|Any CPU
		{A1B2C3D4-E5F6-7890-ABCD-EF1234567891}.Debug|x64.Build.0 = Debug|Any CPU
		{A1B2C3D4-E5F6-7890-ABCD-EF1234567891}.Debug|x86.ActiveCfg = Debug|Any CPU
		{A1B2C3D4-E5F6-7890-ABCD-EF1234567891}.Debug|x86.Build.0 = Debug|Any CPU
		{A1B2C3D4-E5F6-7890-ABCD-EF1234567891}.Release|Any CPU.ActiveCfg = Release|Any CPU
		{A1B2C3D4-E5F6-7890-ABCD-EF1234567891}.Release|Any CPU.Build.0 = Release|Any CPU
		{A1B2C3D4-E5F6-7890-ABCD-EF1234567891}.Release|x64.ActiveCfg = Release|Any CPU
		{A1B2C3D4-E5F6-7890-ABCD-EF1234567891}.Release|x64.Build.0 = Release|Any CPU
		{A1B2C3D4-E5F6-7890-ABCD-EF1234567891}.Release|x86.ActiveCfg = Release|Any CPU
		{A1B2C3D4-E5F6-7890-ABCD-EF1234567891}.Release|x86.Build.0 = Release|Any CPU
		{7DC89208-FEC6-4627-98BB-9533679ACC49}.Debug|Any CPU.ActiveCfg = Debug|Any CPU
		{7DC89208-FEC6-4627-98BB-9533679ACC49}.Debug|Any CPU.Build.0 = Debug|Any CPU
		{7DC89208-FEC6-4627-98BB-9533679ACC49}.Debug|x64.ActiveCfg = Debug|Any CPU
		{7DC89208-FEC6-4627-98BB-9533679ACC49}.Debug|x64.Build.0 = Debug|Any CPU
		{7DC89208-FEC6-4627-98BB-9533679ACC49}.Debug|x86.ActiveCfg = Debug|Any CPU
		{7DC89208-FEC6-4627-98BB-9533679ACC49}.Debug|x86.Build.0 = Debug|Any CPU
		{7DC89208-FEC6-4627-98BB-9533679ACC49}.Release|Any CPU.ActiveCfg = Release|Any CPU
		{7DC89208-FEC6-4627-98BB-9533679ACC49}.Release|Any CPU.Build.0 = Release|Any CPU
		{7DC89208-FEC6-4627-98BB-9533679ACC49}.Release|x64.ActiveCfg = Release|Any CPU
		{7DC89208-FEC6-4627-98BB-9533679ACC49}.Release|x64.Build.0 = Release|Any CPU
		{7DC89208-FEC6-4627-98BB-9533679ACC49}.Release|x86.ActiveCfg = Release|Any CPU
		{7DC89208-FEC6-4627-98BB-9533679ACC49}.Release|x86.Build.0 = Release|Any CPU
		{E18405BC-6BC3-4F6F-8725-9CF39B8A170A}.Debug|Any CPU.ActiveCfg = Debug|Any CPU
		{E18405BC-6BC3-4F6F-8725-9CF39B8A170A}.Debug|Any CPU.Build.0 = Debug|Any CPU
		{E18405BC-6BC3-4F6F-8725-9CF39B8A170A}.Debug|x64.ActiveCfg = Debug|Any CPU
		{E18405BC-6BC3-4F6F-8725-9CF39B8A170A}.Debug|x64.Build.0 = Debug|Any CPU
		{E18405BC-6BC3-4F6F-8725-9CF39B8A170A}.Debug|x86.ActiveCfg = Debug|Any CPU
		{E18405BC-6BC3-4F6F-8725-9CF39B8A170A}.Debug|x86.Build.0 = Debug|Any CPU
		{E18405BC-6BC3-4F6F-8725-9CF39B8A170A}.Release|Any CPU.ActiveCfg = Release|Any CPU
		{E18405BC-6BC3-4F6F-8725-9CF39B8A170A}.Release|Any CPU.Build.0 = Release|Any CPU
		{E18405BC-6BC3-4F6F-8725-9CF39B8A170A}.Release|x64.ActiveCfg = Release|Any CPU
		{E18405BC-6BC3-4F6F-8725-9CF39B8A170A}.Release|x64.Build.0 = Release|Any CPU
		{E18405BC-6BC3-4F6F-8725-9CF39B8A170A}.Release|x86.ActiveCfg = Release|Any CPU
		{E18405BC-6BC3-4F6F-8725-9CF39B8A170A}.Release|x86.Build.0 = Release|Any CPU
	EndGlobalSection
	GlobalSection(SolutionProperties) = preSolution
		HideSolutionNode = FALSE
	EndGlobalSection
	GlobalSection(NestedProjects) = preSolution
		{24FB638E-FBFD-4C0E-BA57-221218823C31} = {B8CB73F3-C9AE-4762-82A6-A981214410CE}
		{9D9A4AF0-D2A5-45C9-89F1-446F74AE4D00} = {B8CB73F3-C9AE-4762-82A6-A981214410CE}
		{DFA6E982-1453-4CE8-97D7-7B8B07DF9DB3} = {B8CB73F3-C9AE-4762-82A6-A981214410CE}
		{1D4892E2-2B21-418A-9A04-1D226AFB7D65} = {B8CB73F3-C9AE-4762-82A6-A981214410CE}
		{A244A8BA-D92F-4A82-AAE9-AC37B94E4915} = {B8CB73F3-C9AE-4762-82A6-A981214410CE}
		{C1F2A3B4-D5E6-7890-ABCD-EF1234567890} = {B8CB73F3-C9AE-4762-82A6-A981214410CE}
		{310C748A-58A6-4255-9DEA-634FE8B3D735} = {4E6D3347-26E6-4BDC-9818-B25F6A8DA975}
		{F32AE3E4-FA4F-42C1-BC49-3F9127F948BB} = {4E6D3347-26E6-4BDC-9818-B25F6A8DA975}
		{A1B2C3D4-E5F6-7890-ABCD-EF1234567891} = {4E6D3347-26E6-4BDC-9818-B25F6A8DA975}
		{7DC89208-FEC6-4627-98BB-9533679ACC49} = {4E6D3347-26E6-4BDC-9818-B25F6A8DA975}
		{E18405BC-6BC3-4F6F-8725-9CF39B8A170A} = {4E6D3347-26E6-4BDC-9818-B25F6A8DA975}
	EndGlobalSection
EndGlobal
